{
  "name": "pub_sub",
  "version": "1.0.0",
  "lockfileVersion": 2,
  "requires": true,
  "packages": {
    "": {
      "name": "pub_sub",
      "version": "1.0.0",
      "license": "MIT",
      "dependencies": {
        "@tinyhttp/app": "^2.0.22",
        "ioredis": "^5.1.0",
        "milliparsec": "^2.2.2"
      }
    },
    "node_modules/@ioredis/commands": {
      "version": "1.2.0",
      "resolved": "https://registry.npmjs.org/@ioredis/commands/-/commands-1.2.0.tgz",
      "integrity": "sha512-Sx1pU8EM64o2BrqNpEO1CNLtKQwyhuXuqyfH7oGKCk+1a33d2r5saW8zNwm3j6BTExtjrv2BxTgzzkMwts6vGg=="
    },
    "node_modules/@tinyhttp/accepts": {
      "version": "2.0.6",
      "resolved": "https://registry.npmjs.org/@tinyhttp/accepts/-/accepts-2.0.6.tgz",
      "integrity": "sha512-oAdgnGIzYL0J1LPOThdREMACUA0TxhTonctiEmRMEVosCXurpDS5RATuBroQ5rWPxMuSv+ussur7bErHFUxeGw==",
      "dependencies": {
        "es-mime-types": "^0.1.4",
        "negotiator": "^0.6.2"
      },
      "engines": {
        "node": ">=12.4.0"
      },
      "funding": {
        "type": "individual",
        "url": "https://github.com/tinyhttp/tinyhttp?sponsor=1"
      }
    },
    "node_modules/@tinyhttp/app": {
      "version": "2.0.22",
      "resolved": "https://registry.npmjs.org/@tinyhttp/app/-/app-2.0.22.tgz",
      "integrity": "sha512-OMFrQYRVi2bKUdPB63wkKUtBaNVTF3VCkvFS9sqUCs3SCAr9ZsT0zxM846M1nGeOx1KU4HTeXk9480qGYybOAQ==",
      "dependencies": {
        "@tinyhttp/cookie": "2.0.4",
        "@tinyhttp/proxy-addr": "2.0.4",
        "@tinyhttp/req": "2.0.13",
        "@tinyhttp/res": "2.0.17",
        "@tinyhttp/router": "2.0.5",
        "header-range-parser": "1.1.3",
        "regexparam": "^2.0.0"
      },
      "engines": {
        "node": ">=12.x"
      },
      "funding": {
        "type": "individual",
        "url": "https://github.com/tinyhttp/tinyhttp?sponsor=1"
      }
    },
    "node_modules/@tinyhttp/content-disposition": {
      "version": "2.0.6",
      "resolved": "https://registry.npmjs.org/@tinyhttp/content-disposition/-/content-disposition-2.0.6.tgz",
      "integrity": "sha512-Xd3IW1Qh1voaWaf7rCx+jiq7S9AOpKo4kQduS5gdh7Nt3+ZfNhG5E4GBJlQnyHWD5/LRZa84U7X34Xdrto0IVQ==",
      "engines": {
        "node": ">=12.4.0"
      },
      "funding": {
        "type": "individual",
        "url": "https://github.com/tinyhttp/tinyhttp?sponsor=1"
      }
    },
    "node_modules/@tinyhttp/cookie": {
      "version": "2.0.4",
      "resolved": "https://registry.npmjs.org/@tinyhttp/cookie/-/cookie-2.0.4.tgz",
      "integrity": "sha512-CqapJxVwoepY2r0XSDnDhZeV7aQhR1P+RiVFj3zg7w0doNepUmGcgnrSFYMuxYbd7SG0RtJ6skVG0s+9S0SUag==",
      "engines": {
        "node": ">=12.4.0"
      },
      "funding": {
        "type": "individual",
        "url": "https://github.com/tinyhttp/tinyhttp?sponsor=1"
      }
    },
    "node_modules/@tinyhttp/cookie-signature": {
      "version": "2.0.4",
      "resolved": "https://registry.npmjs.org/@tinyhttp/cookie-signature/-/cookie-signature-2.0.4.tgz",
      "integrity": "sha512-QpldoF+4XIFbaNWSm2boKXh1O3AXPSZZYkma+B8JWG+HN37rp/6SRj9renqWpU/LNj7Qshar3DRevg3YPwHpiQ==",
      "engines": {
        "node": ">=12.4.0"
      }
    },
    "node_modules/@tinyhttp/encode-url": {
      "version": "2.0.5",
      "resolved": "https://registry.npmjs.org/@tinyhttp/encode-url/-/encode-url-2.0.5.tgz",
      "integrity": "sha512-j0CHNTUB7hI5QTcRo5TXG6A4BrthuLE/p1qDOh2plGd21WTPMtMlq0MmfUJcelAxcQD3FIBt0TZBSepGzpdFww==",
      "engines": {
        "node": ">=12.4.0"
      }
    },
    "node_modules/@tinyhttp/etag": {
      "version": "2.0.4",
      "resolved": "https://registry.npmjs.org/@tinyhttp/etag/-/etag-2.0.4.tgz",
      "integrity": "sha512-GqotnzpLdpvKNLGzKsmC2qqG0E4j4CosiVKcFXKPj7PvnJ5XCMbwCtRuCu0cTRjqrWIKUuBWFSNgc/aLCHuYrg==",
      "engines": {
        "node": ">=12.4.0"
      }
    },
    "node_modules/@tinyhttp/forwarded": {
      "version": "2.0.4",
      "resolved": "https://registry.npmjs.org/@tinyhttp/forwarded/-/forwarded-2.0.4.tgz",
      "integrity": "sha512-HRSLYirUdjV2wr0neR4M1nxsO9inz4fheMjdqGYUDkw+axLxtNDreAXuSCDcWku43ovcM0Pbuj35Jrm0NKVYBw==",
      "engines": {
        "node": ">=12.4.0"
      }
    },
    "node_modules/@tinyhttp/proxy-addr": {
      "version": "2.0.4",
      "resolved": "https://registry.npmjs.org/@tinyhttp/proxy-addr/-/proxy-addr-2.0.4.tgz",
      "integrity": "sha512-PSPF2JplFrWjlizrn+7eQKBQrK2v7rk3wvPkUriKZuo5On2NDIOuM82eDsvg2X7yqYAK+/rRqq1BZHvS5oBong==",
      "dependencies": {
        "@tinyhttp/forwarded": "2.0.4",
        "ipaddr.js": "^2.0.1"
      },
      "engines": {
        "node": ">=12.4.0"
      }
    },
    "node_modules/@tinyhttp/req": {
      "version": "2.0.13",
      "resolved": "https://registry.npmjs.org/@tinyhttp/req/-/req-2.0.13.tgz",
      "integrity": "sha512-vRyRqHUwABynXnNBGAgHBT2VZ+zDIjhmzLEtW1F23qgxmbhc7PhOR/9sPo/jdSLgpY2yxMbWqDyMR1Lka++JZw==",
      "dependencies": {
        "@tinyhttp/accepts": "2.0.6",
        "@tinyhttp/type-is": "2.0.5",
        "@tinyhttp/url": "2.0.6",
        "es-fresh": "^0.0.10",
        "header-range-parser": "^1.1.3"
      },
      "engines": {
        "node": ">=12.4.0"
      }
    },
    "node_modules/@tinyhttp/res": {
      "version": "2.0.17",
      "resolved": "https://registry.npmjs.org/@tinyhttp/res/-/res-2.0.17.tgz",
      "integrity": "sha512-gMOwCPNk6w5IvO9HcP+CuGQ1xGxbL26EuUytZ6mdJP2KHl2TT4nuNkJkGnaMLiKTlOGnX/+5h+HgKlqStQyzeA==",
      "dependencies": {
        "@tinyhttp/content-disposition": "2.0.6",
        "@tinyhttp/cookie": "2.0.4",
        "@tinyhttp/cookie-signature": "2.0.4",
        "@tinyhttp/encode-url": "2.0.5",
        "@tinyhttp/req": "2.0.13",
        "@tinyhttp/send": "2.0.5",
        "es-escape-html": "^0.1.1",
        "es-mime-types": "^0.1.4",
        "es-vary": "^0.1.1"
      },
      "engines": {
        "node": ">=12.4.0"
      }
    },
    "node_modules/@tinyhttp/router": {
      "version": "2.0.5",
      "resolved": "https://registry.npmjs.org/@tinyhttp/router/-/router-2.0.5.tgz",
      "integrity": "sha512-1YWmq61aae3fcZfqUMNSj1soCpdoPP8SDbfwsDy8RgZRG/OtNeifCmTN5+ukvxuSzGAuHBmn/c0qTQ3ECwMFrQ==",
      "engines": {
        "node": ">=12.4.0"
      }
    },
    "node_modules/@tinyhttp/send": {
      "version": "2.0.5",
      "resolved": "https://registry.npmjs.org/@tinyhttp/send/-/send-2.0.5.tgz",
      "integrity": "sha512-rVAa6bwPj03/npjwNO8xKDuoLE6qF4lN8QGinezznoDwjKtH3B+QwC14BFb65BXAAMajpgST4x3AKdb4khRqAw==",
      "dependencies": {
        "@tinyhttp/etag": "2.0.4",
        "es-content-type": "^0.1.0",
        "es-mime-types": "^0.1.4"
      },
      "engines": {
        "node": ">=12.4.0"
      }
    },
    "node_modules/@tinyhttp/type-is": {
      "version": "2.0.5",
      "resolved": "https://registry.npmjs.org/@tinyhttp/type-is/-/type-is-2.0.5.tgz",
      "integrity": "sha512-X8CPx6iDkjZ51TN1uurpLdzv1jaOiW1ZlBpla2skZu+/pCMDZ8tQnyfbibYYM6hi0IPAnL+YXv4pDTIgFcbL7g==",
      "dependencies": {
        "es-content-type": "^0.1.0",
        "es-mime-types": "^0.1.4"
      },
      "engines": {
        "node": ">=12.4.0"
      }
    },
    "node_modules/@tinyhttp/url": {
      "version": "2.0.6",
      "resolved": "https://registry.npmjs.org/@tinyhttp/url/-/url-2.0.6.tgz",
      "integrity": "sha512-NIWvR4NjcoUqWFkHZqfWmrncCIyxOwErn1bKfZVgV6xJLI5MUwAgL8B2ziU8W9ghVKiTh5dJU4p9lZVL550M5w==",
      "engines": {
        "node": ">=12.4.0"
      }
    },
    "node_modules/cluster-key-slot": {
      "version": "1.1.0",
      "resolved": "https://registry.npmjs.org/cluster-key-slot/-/cluster-key-slot-1.1.0.tgz",
      "integrity": "sha512-2Nii8p3RwAPiFwsnZvukotvow2rIHM+yQ6ZcBXGHdniadkYGZYiGmkHJIbZPIV9nfv7m/U1IPMVVcAhoWFeklw==",
      "engines": {
        "node": ">=0.10.0"
      }
    },
    "node_modules/debug": {
      "version": "4.3.4",
      "resolved": "https://registry.npmjs.org/debug/-/debug-4.3.4.tgz",
      "integrity": "sha512-PRWFHuSU3eDtQJPvnNY7Jcket1j0t5OuOsFzPPzsekD52Zl8qUfFIPEiswXqIvHWGVHOgX+7G/vCNNhehwxfkQ==",
      "dependencies": {
        "ms": "2.1.2"
      },
      "engines": {
        "node": ">=6.0"
      },
      "peerDependenciesMeta": {
        "supports-color": {
          "optional": true
        }
      }
    },
    "node_modules/denque": {
      "version": "2.0.1",
      "resolved": "https://registry.npmjs.org/denque/-/denque-2.0.1.tgz",
      "integrity": "sha512-tfiWc6BQLXNLpNiR5iGd0Ocu3P3VpxfzFiqubLgMfhfOw9WyvgJBd46CClNn9k3qfbjvT//0cf7AlYRX/OslMQ==",
      "engines": {
        "node": ">=0.10"
      }
    },
    "node_modules/es-content-type": {
      "version": "0.1.0",
      "resolved": "https://registry.npmjs.org/es-content-type/-/es-content-type-0.1.0.tgz",
      "integrity": "sha512-DqWU9pSzhNlO10q+NQ/KebImLkKbwbcy0pSv3hNQfEpKFHsrqDJz2vajpZdq7nkiG9DoJcTh22oHGymp7XJd9g==",
      "engines": {
        "node": ">=12.x"
      }
    },
    "node_modules/es-escape-html": {
      "version": "0.1.1",
      "resolved": "https://registry.npmjs.org/es-escape-html/-/es-escape-html-0.1.1.tgz",
      "integrity": "sha512-yUx1o+8RsG7UlszmYPtks+dm6Lho2m8lgHMOsLJQsFI0R8XwUJwiMhM1M4E/S8QLeGyf6MkDV/pWgjQ0tdTSyQ==",
      "engines": {
        "node": ">=12.x"
      }
    },
    "node_modules/es-fresh": {
      "version": "0.0.10",
      "resolved": "https://registry.npmjs.org/es-fresh/-/es-fresh-0.0.10.tgz",
      "integrity": "sha512-/e5etUqtxj7JktALldpsDNC84DOHavN9PqojnTTGeX1M2/Q4/SF8d55d7AsB3n66WYS43hdBbn0sAllto5kSIg==",
      "engines": {
        "node": ">=12.x"
      }
    },
    "node_modules/es-mime-types": {
      "version": "0.1.4",
      "resolved": "https://registry.npmjs.org/es-mime-types/-/es-mime-types-0.1.4.tgz",
      "integrity": "sha512-rUrmfrUIHU/4ykYB+YH80LDiSpmn6sE/A9E8EsFZP4LCtf/PH+ju6d6goFJ8fsGf81pRtQn1cJSmp8JGA9YkfQ==",
      "dependencies": {
        "mime-db": "^1.50.0"
      },
      "engines": {
        "node": ">=12.x"
      }
    },
    "node_modules/es-vary": {
      "version": "0.1.2",
      "resolved": "https://registry.npmjs.org/es-vary/-/es-vary-0.1.2.tgz",
      "integrity": "sha512-pLqqZoOutAXQXyBJrUYVNM5fZngiOJYi1Xl4svQMrluTsqDUOQlBMw9EYgLrsWL6niDYn/Yd1y2Pj6GC+j/yjA==",
      "engines": {
        "node": ">=12.x"
      }
    },
    "node_modules/header-range-parser": {
      "version": "1.1.3",
      "resolved": "https://registry.npmjs.org/header-range-parser/-/header-range-parser-1.1.3.tgz",
      "integrity": "sha512-B9zCFt3jH8g09LR1vHL4pcAn8yMEtlSlOUdQemzHMRKMImNIhhszdeosYFfNW0WXKQtXIlWB+O4owHJKvEJYaA==",
      "engines": {
        "node": ">=12.22.0"
      }
    },
    "node_modules/ioredis": {
      "version": "5.1.0",
      "resolved": "https://registry.npmjs.org/ioredis/-/ioredis-5.1.0.tgz",
      "integrity": "sha512-HYHnvwxFwefeUBj0hZFejLvd8Q/YNAfnZlZG/hSRxkRhXMs1H8soMEVccHd1WlLrKkynorXBsAtqDGskOdAfVQ==",
      "dependencies": {
        "@ioredis/commands": "^1.1.1",
        "cluster-key-slot": "^1.1.0",
        "debug": "^4.3.4",
        "denque": "^2.0.1",
        "lodash.defaults": "^4.2.0",
        "lodash.isarguments": "^3.1.0",
        "redis-errors": "^1.2.0",
        "redis-parser": "^3.0.0",
        "standard-as-callback": "^2.1.0"
      },
      "engines": {
        "node": ">=12.22.0"
      },
      "funding": {
        "type": "opencollective",
        "url": "https://opencollective.com/ioredis"
      }
    },
    "node_modules/ipaddr.js": {
      "version": "2.0.1",
      "resolved": "https://registry.npmjs.org/ipaddr.js/-/ipaddr.js-2.0.1.tgz",
      "integrity": "sha512-1qTgH9NG+IIJ4yfKs2e6Pp1bZg8wbDbKHT21HrLIeYBTRLgMYKnMTPAuI3Lcs61nfx5h1xlXnbJtH1kX5/d/ng==",
      "engines": {
        "node": ">= 10"
      }
    },
    "node_modules/lodash.defaults": {
      "version": "4.2.0",
      "resolved": "https://registry.npmjs.org/lodash.defaults/-/lodash.defaults-4.2.0.tgz",
      "integrity": "sha512-qjxPLHd3r5DnsdGacqOMU6pb/avJzdh9tFX2ymgoZE27BmjXrNy/y4LoaiTeAb+O3gL8AfpJGtqfX/ae2leYYQ=="
    },
    "node_modules/lodash.isarguments": {
      "version": "3.1.0",
      "resolved": "https://registry.npmjs.org/lodash.isarguments/-/lodash.isarguments-3.1.0.tgz",
      "integrity": "sha512-chi4NHZlZqZD18a0imDHnZPrDeBbTtVN7GXMwuGdRH9qotxAjYs3aVLKc7zNOG9eddR5Ksd8rvFEBc9SsggPpg=="
    },
    "node_modules/milliparsec": {
      "version": "2.2.2",
      "resolved": "https://registry.npmjs.org/milliparsec/-/milliparsec-2.2.2.tgz",
      "integrity": "sha512-TvAwN6RwLpdeY8+ly4JHxC8fTE5wS1rpg3BpltJd9W7oiY4yZtlCsfIXeLw493p3+9ihpTtvQ6ovnTp3o11wyQ==",
      "engines": {
        "node": ">=12.4"
      }
    },
    "node_modules/mime-db": {
      "version": "1.52.0",
      "resolved": "https://registry.npmjs.org/mime-db/-/mime-db-1.52.0.tgz",
      "integrity": "sha512-sPU4uV7dYlvtWJxwwxHD0PuihVNiE7TyAbQ5SWxDCB9mUYvOgroQOwYQQOKPJ8CIbE+1ETVlOoK1UC2nU3gYvg==",
      "engines": {
        "node": ">= 0.6"
      }
    },
    "node_modules/ms": {
      "version": "2.1.2",
      "resolved": "https://registry.npmjs.org/ms/-/ms-2.1.2.tgz",
      "integrity": "sha512-sGkPx+VjMtmA6MX27oA4FBFELFCZZ4S4XqeGOXCv68tT+jb3vk/RyaKWP0PTKyWtmLSM0b+adUTEvbs1PEaH2w=="
    },
    "node_modules/negotiator": {
      "version": "0.6.3",
      "resolved": "https://registry.npmjs.org/negotiator/-/negotiator-0.6.3.tgz",
      "integrity": "sha512-+EUsqGPLsM+j/zdChZjsnX51g4XrHFOIXwfnCVPGlQk/k5giakcKsuxCObBRu6DSm9opw/O6slWbJdghQM4bBg==",
      "engines": {
        "node": ">= 0.6"
      }
    },
    "node_modules/redis-errors": {
      "version": "1.2.0",
      "resolved": "https://registry.npmjs.org/redis-errors/-/redis-errors-1.2.0.tgz",
      "integrity": "sha512-1qny3OExCf0UvUV/5wpYKf2YwPcOqXzkwKKSmKHiE6ZMQs5heeE/c8eXK+PNllPvmjgAbfnsbpkGZWy8cBpn9w==",
      "engines": {
        "node": ">=4"
      }
    },
    "node_modules/redis-parser": {
      "version": "3.0.0",
      "resolved": "https://registry.npmjs.org/redis-parser/-/redis-parser-3.0.0.tgz",
      "integrity": "sha512-DJnGAeenTdpMEH6uAJRK/uiyEIH9WVsUmoLwzudwGJUwZPp80PDBWPHXSAGNPwNvIXAbe7MSUB1zQFugFml66A==",
      "dependencies": {
        "redis-errors": "^1.0.0"
      },
      "engines": {
        "node": ">=4"
      }
    },
    "node_modules/regexparam": {
      "version": "2.0.0",
      "resolved": "https://registry.npmjs.org/regexparam/-/regexparam-2.0.0.tgz",
      "integrity": "sha512-gJKwd2MVPWHAIFLsaYDZfyKzHNS4o7E/v8YmNf44vmeV2e4YfVoDToTOKTvE7ab68cRJ++kLuEXJBaEeJVt5ow==",
      "engines": {
        "node": ">=8"
      }
    },
    "node_modules/standard-as-callback": {
      "version": "2.1.0",
      "resolved": "https://registry.npmjs.org/standard-as-callback/-/standard-as-callback-2.1.0.tgz",
      "integrity": "sha512-qoRRSyROncaz1z0mvYqIE4lCd9p2R90i6GxW3uZv5ucSu8tU7B5HXUP1gG8pVZsYNVaXjk8ClXHPttLyxAL48A=="
    }
  },
  "dependencies": {
    "@ioredis/commands": {
      "version": "1.2.0",
      "resolved": "https://registry.npmjs.org/@ioredis/commands/-/commands-1.2.0.tgz",
      "integrity": "sha512-Sx1pU8EM64o2BrqNpEO1CNLtKQwyhuXuqyfH7oGKCk+1a33d2r5saW8zNwm3j6BTExtjrv2BxTgzzkMwts6vGg=="
    },
    "@tinyhttp/accepts": {
      "version": "2.0.6",
      "resolved": "https://registry.npmjs.org/@tinyhttp/accepts/-/accepts-2.0.6.tgz",
      "integrity": "sha512-oAdgnGIzYL0J1LPOThdREMACUA0TxhTonctiEmRMEVosCXurpDS5RATuBroQ5rWPxMuSv+ussur7bErHFUxeGw==",
      "requires": {
        "es-mime-types": "^0.1.4",
        "negotiator": "^0.6.2"
      }
    },
    "@tinyhttp/app": {
      "version": "2.0.22",
      "resolved": "https://registry.npmjs.org/@tinyhttp/app/-/app-2.0.22.tgz",
      "integrity": "sha512-OMFrQYRVi2bKUdPB63wkKUtBaNVTF3VCkvFS9sqUCs3SCAr9ZsT0zxM846M1nGeOx1KU4HTeXk9480qGYybOAQ==",
      "requires": {
        "@tinyhttp/cookie": "2.0.4",
        "@tinyhttp/proxy-addr": "2.0.4",
        "@tinyhttp/req": "2.0.13",
        "@tinyhttp/res": "2.0.17",
        "@tinyhttp/router": "2.0.5",
        "header-range-parser": "1.1.3",
        "regexparam": "^2.0.0"
      }
    },
    "@tinyhttp/content-disposition": {
      "version": "2.0.6",
      "resolved": "https://registry.npmjs.org/@tinyhttp/content-disposition/-/content-disposition-2.0.6.tgz",
      "integrity": "sha512-Xd3IW1Qh1voaWaf7rCx+jiq7S9AOpKo4kQduS5gdh7Nt3+ZfNhG5E4GBJlQnyHWD5/LRZa84U7X34Xdrto0IVQ=="
    },
    "@tinyhttp/cookie": {
      "version": "2.0.4",
      "resolved": "https://registry.npmjs.org/@tinyhttp/cookie/-/cookie-2.0.4.tgz",
      "integrity": "sha512-CqapJxVwoepY2r0XSDnDhZeV7aQhR1P+RiVFj3zg7w0doNepUmGcgnrSFYMuxYbd7SG0RtJ6skVG0s+9S0SUag=="
    },
    "@tinyhttp/cookie-signature": {
      "version": "2.0.4",
      "resolved": "https://registry.npmjs.org/@tinyhttp/cookie-signature/-/cookie-signature-2.0.4.tgz",
      "integrity": "sha512-QpldoF+4XIFbaNWSm2boKXh1O3AXPSZZYkma+B8JWG+HN37rp/6SRj9renqWpU/LNj7Qshar3DRevg3YPwHpiQ=="
    },
    "@tinyhttp/encode-url": {
      "version": "2.0.5",
      "resolved": "https://registry.npmjs.org/@tinyhttp/encode-url/-/encode-url-2.0.5.tgz",
      "integrity": "sha512-j0CHNTUB7hI5QTcRo5TXG6A4BrthuLE/p1qDOh2plGd21WTPMtMlq0MmfUJcelAxcQD3FIBt0TZBSepGzpdFww=="
    },
    "@tinyhttp/etag": {
      "version": "2.0.4",
      "resolved": "https://registry.npmjs.org/@tinyhttp/etag/-/etag-2.0.4.tgz",
      "integrity": "sha512-GqotnzpLdpvKNLGzKsmC2qqG0E4j4CosiVKcFXKPj7PvnJ5XCMbwCtRuCu0cTRjqrWIKUuBWFSNgc/aLCHuYrg=="
    },
    "@tinyhttp/forwarded": {
      "version": "2.0.4",
      "resolved": "https://registry.npmjs.org/@tinyhttp/forwarded/-/forwarded-2.0.4.tgz",
      "integrity": "sha512-HRSLYirUdjV2wr0neR4M1nxsO9inz4fheMjdqGYUDkw+axLxtNDreAXuSCDcWku43ovcM0Pbuj35Jrm0NKVYBw=="
    },
    "@tinyhttp/proxy-addr": {
      "version": "2.0.4",
      "resolved": "https://registry.npmjs.org/@tinyhttp/proxy-addr/-/proxy-addr-2.0.4.tgz",
      "integrity": "sha512-PSPF2JplFrWjlizrn+7eQKBQrK2v7rk3wvPkUriKZuo5On2NDIOuM82eDsvg2X7yqYAK+/rRqq1BZHvS5oBong==",
      "requires": {
        "@tinyhttp/forwarded": "2.0.4",
        "ipaddr.js": "^2.0.1"
      }
    },
    "@tinyhttp/req": {
      "version": "2.0.13",
      "resolved": "https://registry.npmjs.org/@tinyhttp/req/-/req-2.0.13.tgz",
      "integrity": "sha512-vRyRqHUwABynXnNBGAgHBT2VZ+zDIjhmzLEtW1F23qgxmbhc7PhOR/9sPo/jdSLgpY2yxMbWqDyMR1Lka++JZw==",
      "requires": {
        "@tinyhttp/accepts": "2.0.6",
        "@tinyhttp/type-is": "2.0.5",
        "@tinyhttp/url": "2.0.6",
        "es-fresh": "^0.0.10",
        "header-range-parser": "^1.1.3"
      }
    },
    "@tinyhttp/res": {
      "version": "2.0.17",
      "resolved": "https://registry.npmjs.org/@tinyhttp/res/-/res-2.0.17.tgz",
      "integrity": "sha512-gMOwCPNk6w5IvO9HcP+CuGQ1xGxbL26EuUytZ6mdJP2KHl2TT4nuNkJkGnaMLiKTlOGnX/+5h+HgKlqStQyzeA==",
      "requires": {
        "@tinyhttp/content-disposition": "2.0.6",
        "@tinyhttp/cookie": "2.0.4",
        "@tinyhttp/cookie-signature": "2.0.4",
        "@tinyhttp/encode-url": "2.0.5",
        "@tinyhttp/req": "2.0.13",
        "@tinyhttp/send": "2.0.5",
        "es-escape-html": "^0.1.1",
        "es-mime-types": "^0.1.4",
        "es-vary": "^0.1.1"
      }
    },
    "@tinyhttp/router": {
      "version": "2.0.5",
      "resolved": "https://registry.npmjs.org/@tinyhttp/router/-/router-2.0.5.tgz",
      "integrity": "sha512-1YWmq61aae3fcZfqUMNSj1soCpdoPP8SDbfwsDy8RgZRG/OtNeifCmTN5+ukvxuSzGAuHBmn/c0qTQ3ECwMFrQ=="
    },
    "@tinyhttp/send": {
      "version": "2.0.5",
      "resolved": "https://registry.npmjs.org/@tinyhttp/send/-/send-2.0.5.tgz",
      "integrity": "sha512-rVAa6bwPj03/npjwNO8xKDuoLE6qF4lN8QGinezznoDwjKtH3B+QwC14BFb65BXAAMajpgST4x3AKdb4khRqAw==",
      "requires": {
        "@tinyhttp/etag": "2.0.4",
        "es-content-type": "^0.1.0",
        "es-mime-types": "^0.1.4"
      }
    },
    "@tinyhttp/type-is": {
      "version": "2.0.5",
      "resolved": "https://registry.npmjs.org/@tinyhttp/type-is/-/type-is-2.0.5.tgz",
      "integrity": "sha512-X8CPx6iDkjZ51TN1uurpLdzv1jaOiW1ZlBpla2skZu+/pCMDZ8tQnyfbibYYM6hi0IPAnL+YXv4pDTIgFcbL7g==",
      "requires": {
        "es-content-type": "^0.1.0",
        "es-mime-types": "^0.1.4"
      }
    },
    "@tinyhttp/url": {
      "version": "2.0.6",
      "resolved": "https://registry.npmjs.org/@tinyhttp/url/-/url-2.0.6.tgz",
      "integrity": "sha512-NIWvR4NjcoUqWFkHZqfWmrncCIyxOwErn1bKfZVgV6xJLI5MUwAgL8B2ziU8W9ghVKiTh5dJU4p9lZVL550M5w=="
    },
    "cluster-key-slot": {
      "version": "1.1.0",
      "resolved": "https://registry.npmjs.org/cluster-key-slot/-/cluster-key-slot-1.1.0.tgz",
      "integrity": "sha512-2Nii8p3RwAPiFwsnZvukotvow2rIHM+yQ6ZcBXGHdniadkYGZYiGmkHJIbZPIV9nfv7m/U1IPMVVcAhoWFeklw=="
    },
    "debug": {
      "version": "4.3.4",
      "resolved": "https://registry.npmjs.org/debug/-/debug-4.3.4.tgz",
      "integrity": "sha512-PRWFHuSU3eDtQJPvnNY7Jcket1j0t5OuOsFzPPzsekD52Zl8qUfFIPEiswXqIvHWGVHOgX+7G/vCNNhehwxfkQ==",
      "requires": {
        "ms": "2.1.2"
      }
    },
    "denque": {
      "version": "2.0.1",
      "resolved": "https://registry.npmjs.org/denque/-/denque-2.0.1.tgz",
      "integrity": "sha512-tfiWc6BQLXNLpNiR5iGd0Ocu3P3VpxfzFiqubLgMfhfOw9WyvgJBd46CClNn9k3qfbjvT//0cf7AlYRX/OslMQ=="
    },
    "es-content-type": {
      "version": "0.1.0",
      "resolved": "https://registry.npmjs.org/es-content-type/-/es-content-type-0.1.0.tgz",
      "integrity": "sha512-DqWU9pSzhNlO10q+NQ/KebImLkKbwbcy0pSv3hNQfEpKFHsrqDJz2vajpZdq7nkiG9DoJcTh22oHGymp7XJd9g=="
    },
    "es-escape-html": {
      "version": "0.1.1",
      "resolved": "https://registry.npmjs.org/es-escape-html/-/es-escape-html-0.1.1.tgz",
      "integrity": "sha512-yUx1o+8RsG7UlszmYPtks+dm6Lho2m8lgHMOsLJQsFI0R8XwUJwiMhM1M4E/S8QLeGyf6MkDV/pWgjQ0tdTSyQ=="
    },
    "es-fresh": {
      "version": "0.0.10",
      "resolved": "https://registry.npmjs.org/es-fresh/-/es-fresh-0.0.10.tgz",
      "integrity": "sha512-/e5etUqtxj7JktALldpsDNC84DOHavN9PqojnTTGeX1M2/Q4/SF8d55d7AsB3n66WYS43hdBbn0sAllto5kSIg=="
    },
    "es-mime-types": {
      "version": "0.1.4",
      "resolved": "https://registry.npmjs.org/es-mime-types/-/es-mime-types-0.1.4.tgz",
      "integrity": "sha512-rUrmfrUIHU/4ykYB+YH80LDiSpmn6sE/A9E8EsFZP4LCtf/PH+ju6d6goFJ8fsGf81pRtQn1cJSmp8JGA9YkfQ==",
      "requires": {
        "mime-db": "^1.50.0"
      }
    },
    "es-vary": {
      "version": "0.1.2",
      "resolved": "https://registry.npmjs.org/es-vary/-/es-vary-0.1.2.tgz",
      "integrity": "sha512-pLqqZoOutAXQXyBJrUYVNM5fZngiOJYi1Xl4svQMrluTsqDUOQlBMw9EYgLrsWL6niDYn/Yd1y2Pj6GC+j/yjA=="
    },
    "header-range-parser": {
      "version": "1.1.3",
      "resolved": "https://registry.npmjs.org/header-range-parser/-/header-range-parser-1.1.3.tgz",
      "integrity": "sha512-B9zCFt3jH8g09LR1vHL4pcAn8yMEtlSlOUdQemzHMRKMImNIhhszdeosYFfNW0WXKQtXIlWB+O4owHJKvEJYaA=="
    },
    "ioredis": {
      "version": "5.1.0",
      "resolved": "https://registry.npmjs.org/ioredis/-/ioredis-5.1.0.tgz",
      "integrity": "sha512-HYHnvwxFwefeUBj0hZFejLvd8Q/YNAfnZlZG/hSRxkRhXMs1H8soMEVccHd1WlLrKkynorXBsAtqDGskOdAfVQ==",
      "requires": {
        "@ioredis/commands": "^1.1.1",
        "cluster-key-slot": "^1.1.0",
        "debug": "^4.3.4",
        "denque": "^2.0.1",
        "lodash.defaults": "^4.2.0",
        "lodash.isarguments": "^3.1.0",
        "redis-errors": "^1.2.0",
        "redis-parser": "^3.0.0",
        "standard-as-callback": "^2.1.0"
      }
    },
    "ipaddr.js": {
      "version": "2.0.1",
      "resolved": "https://registry.npmjs.org/ipaddr.js/-/ipaddr.js-2.0.1.tgz",
      "integrity": "sha512-1qTgH9NG+IIJ4yfKs2e6Pp1bZg8wbDbKHT21HrLIeYBTRLgMYKnMTPAuI3Lcs61nfx5h1xlXnbJtH1kX5/d/ng=="
    },
    "lodash.defaults": {
      "version": "4.2.0",
      "resolved": "https://registry.npmjs.org/lodash.defaults/-/lodash.defaults-4.2.0.tgz",
      "integrity": "sha512-qjxPLHd3r5DnsdGacqOMU6pb/avJzdh9tFX2ymgoZE27BmjXrNy/y4LoaiTeAb+O3gL8AfpJGtqfX/ae2leYYQ=="
    },
    "lodash.isarguments": {
      "version": "3.1.0",
      "resolved": "https://registry.npmjs.org/lodash.isarguments/-/lodash.isarguments-3.1.0.tgz",
      "integrity": "sha512-chi4NHZlZqZD18a0imDHnZPrDeBbTtVN7GXMwuGdRH9qotxAjYs3aVLKc7zNOG9eddR5Ksd8rvFEBc9SsggPpg=="
    },
    "milliparsec": {
      "version": "2.2.2",
      "resolved": "https://registry.npmjs.org/milliparsec/-/milliparsec-2.2.2.tgz",
      "integrity": "sha512-TvAwN6RwLpdeY8+ly4JHxC8fTE5wS1rpg3BpltJd9W7oiY4yZtlCsfIXeLw493p3+9ihpTtvQ6ovnTp3o11wyQ=="
    },
    "mime-db": {
      "version": "1.52.0",
      "resolved": "https://registry.npmjs.org/mime-db/-/mime-db-1.52.0.tgz",
      "integrity": "sha512-sPU4uV7dYlvtWJxwwxHD0PuihVNiE7TyAbQ5SWxDCB9mUYvOgroQOwYQQOKPJ8CIbE+1ETVlOoK1UC2nU3gYvg=="
    },
    "ms": {
      "version": "2.1.2",
      "resolved": "https://registry.npmjs.org/ms/-/ms-2.1.2.tgz",
      "integrity": "sha512-sGkPx+VjMtmA6MX27oA4FBFELFCZZ4S4XqeGOXCv68tT+jb3vk/RyaKWP0PTKyWtmLSM0b+adUTEvbs1PEaH2w=="
    },
    "negotiator": {
      "version": "0.6.3",
      "resolved": "https://registry.npmjs.org/negotiator/-/negotiator-0.6.3.tgz",
      "integrity": "sha512-+EUsqGPLsM+j/zdChZjsnX51g4XrHFOIXwfnCVPGlQk/k5giakcKsuxCObBRu6DSm9opw/O6slWbJdghQM4bBg=="
    },
    "redis-errors": {
      "version": "1.2.0",
      "resolved": "https://registry.npmjs.org/redis-errors/-/redis-errors-1.2.0.tgz",
      "integrity": "sha512-1qny3OExCf0UvUV/5wpYKf2YwPcOqXzkwKKSmKHiE6ZMQs5heeE/c8eXK+PNllPvmjgAbfnsbpkGZWy8cBpn9w=="
    },
    "redis-parser": {
      "version": "3.0.0",
      "resolved": "https://registry.npmjs.org/redis-parser/-/redis-parser-3.0.0.tgz",
      "integrity": "sha512-DJnGAeenTdpMEH6uAJRK/uiyEIH9WVsUmoLwzudwGJUwZPp80PDBWPHXSAGNPwNvIXAbe7MSUB1zQFugFml66A==",
      "requires": {
        "redis-errors": "^1.0.0"
      }
    },
    "regexparam": {
      "version": "2.0.0",
      "resolved": "https://registry.npmjs.org/regexparam/-/regexparam-2.0.0.tgz",
      "integrity": "sha512-gJKwd2MVPWHAIFLsaYDZfyKzHNS4o7E/v8YmNf44vmeV2e4YfVoDToTOKTvE7ab68cRJ++kLuEXJBaEeJVt5ow=="
    },
    "standard-as-callback": {
      "version": "2.1.0",
      "resolved": "https://registry.npmjs.org/standard-as-callback/-/standard-as-callback-2.1.0.tgz",
      "integrity": "sha512-qoRRSyROncaz1z0mvYqIE4lCd9p2R90i6GxW3uZv5ucSu8tU7B5HXUP1gG8pVZsYNVaXjk8ClXHPttLyxAL48A=="
    }
  }
}
